
Microsoft Visual Studio Solution File, Format Version 12.00
Project("{FAE04EC0-301F-11D3-BF4B-00C04F79EFBC}") = "A function that checks character", "A function that checks character\A function that checks character.csproj", "{B0D7F83E-4650-4BCD-AF30-D4D623450C72}"
EndProject
Project("{FAE04EC0-301F-11D3-BF4B-00C04F79EFBC}") = "Enter_two_numbersTest", "Enter_two_numbersTest\Enter_two_numbersTest.csproj", "{BC925A01-38F1-45B9-A9A9-7740562AC2FF}"
EndProject
Global
	GlobalSection(SolutionConfigurationPlatforms) = preSolution
		Debug|Any CPU = Debug|Any CPU
		Release|Any CPU = Release|Any CPU
	EndGlobalSection
	GlobalSection(ProjectConfigurationPlatforms) = postSolution
		{B0D7F83E-4650-4BCD-AF30-D4D623450C72}.Debug|Any CPU.ActiveCfg = Debug|Any CPU
		{B0D7F83E-4650-4BCD-AF30-D4D623450C72}.Debug|Any CPU.Build.0 = Debug|Any CPU
		{B0D7F83E-4650-4BCD-AF30-D4D623450C72}.Release|Any CPU.ActiveCfg = Release|Any CPU
		{B0D7F83E-4650-4BCD-AF30-D4D623450C72}.Release|Any CPU.Build.0 = Release|Any CPU
		{BC925A01-38F1-45B9-A9A9-7740562AC2FF}.Debug|Any CPU.ActiveCfg = Debug|Any CPU
		{BC925A01-38F1-45B9-A9A9-7740562AC2FF}.Debug|Any CPU.Build.0 = Debug|Any CPU
		{BC925A01-38F1-45B9-A9A9-7740562AC2FF}.Release|Any CPU.ActiveCfg = Release|Any CPU
		{BC925A01-38F1-45B9-A9A9-7740562AC2FF}.Release|Any CPU.Build.0 = Release|Any CPU
	EndGlobalSection
EndGlobal
